
Microsoft Visual Studio Solution File, Format Version 11.00
# Visual Studio 2010
Project("{FAE04EC0-301F-11D3-BF4B-00C04F79EFBC}") = "UoW.NHibernate", "UoW.NHibernate\UoW.NHibernate.csproj", "{87534025-6429-4C3E-A9A1-7E468EB2A8AE}"
EndProject
Project("{FAE04EC0-301F-11D3-BF4B-00C04F79EFBC}") = "UoWApplication", "UoWApplication\UoWApplication.csproj", "{A0C9A6CE-892D-4A7F-8663-F25318442A38}"
EndProject
Global
	GlobalSection(SolutionConfigurationPlatforms) = preSolution
		Debug|Any CPU = Debug|Any CPU
		Release|Any CPU = Release|Any CPU
	EndGlobalSection
	GlobalSection(ProjectConfigurationPlatforms) = postSolution
		{87534025-6429-4C3E-A9A1-7E468EB2A8AE}.Debug|Any CPU.ActiveCfg = Debug|Any CPU
		{87534025-6429-4C3E-A9A1-7E468EB2A8AE}.Debug|Any CPU.Build.0 = Debug|Any CPU
		{87534025-6429-4C3E-A9A1-7E468EB2A8AE}.Release|Any CPU.ActiveCfg = Release|Any CPU
		{87534025-6429-4C3E-A9A1-7E468EB2A8AE}.Release|Any CPU.Build.0 = Release|Any CPU
		{A0C9A6CE-892D-4A7F-8663-F25318442A38}.Debug|Any CPU.ActiveCfg = Debug|Any CPU
		{A0C9A6CE-892D-4A7F-8663-F25318442A38}.Debug|Any CPU.Build.0 = Debug|Any CPU
		{A0C9A6CE-892D-4A7F-8663-F25318442A38}.Release|Any CPU.ActiveCfg = Release|Any CPU
		{A0C9A6CE-892D-4A7F-8663-F25318442A38}.Release|Any CPU.Build.0 = Release|Any CPU
	EndGlobalSection
	GlobalSection(SolutionProperties) = preSolution
		HideSolutionNode = FALSE
	EndGlobalSection
EndGlobal
